
Microsoft Visual Studio Solution File, Format Version 12.00
# Visual Studio Version 17
VisualStudioVersion = 17.0.31903.59
MinimumVisualStudioVersion = 10.0.40219.1
Project("{2150E333-8FDC-42A3-9474-1A3956D46DE8}") = "src", "src", "{827E0CD3-B72D-47B6-A68D-7590B98EB39B}"
EndProject
Project("{FAE04EC0-301F-11D3-BF4B-00C04F79EFBC}") = "UploadsApi.Domain", "src\UploadsApi.Domain\UploadsApi.Domain.csproj", "{E987D614-5B0B-44B1-B5C4-5521AA47ACA2}"
EndProject
Project("{FAE04EC0-301F-11D3-BF4B-00C04F79EFBC}") = "UploadsApi.Application", "src\UploadsApi.Application\UploadsApi.Application.csproj", "{5E2403F5-D517-42F5-8227-7FBD33CACE53}"
EndProject
Project("{FAE04EC0-301F-11D3-BF4B-00C04F79EFBC}") = "UploadsApi.Infrastructure", "src\UploadsApi.Infrastructure\UploadsApi.Infrastructure.csproj", "{0994DF09-103A-4E8F-AE59-3238F9DAFE12}"
EndProject
Project("{FAE04EC0-301F-11D3-BF4B-00C04F79EFBC}") = "UploadsApi.Api", "src\UploadsApi.Api\UploadsApi.Api.csproj", "{00EC5A4F-FBCA-438C-BCC6-42A0BDFB1985}"
EndProject
Project("{2150E333-8FDC-42A3-9474-1A3956D46DE8}") = "tests", "tests", "{0AB3BF05-4346-4AA6-1389-037BE0695223}"
EndProject
Project("{FAE04EC0-301F-11D3-BF4B-00C04F79EFBC}") = "UploadsApi.Domain.Tests", "tests\UploadsApi.Domain.Tests\UploadsApi.Domain.Tests.csproj", "{13BB99F0-A796-44B6-8C48-93F74A1ABDEB}"
EndProject
Project("{FAE04EC0-301F-11D3-BF4B-00C04F79EFBC}") = "UploadsApi.Application.Tests", "tests\UploadsApi.Application.Tests\UploadsApi.Application.Tests.csproj", "{D1C8D81E-88AF-4ACD-9357-4E8AF3163422}"
EndProject
Project("{FAE04EC0-301F-11D3-BF4B-00C04F79EFBC}") = "UploadsApi.Api.Tests", "tests\UploadsApi.Api.Tests\UploadsApi.Api.Tests.csproj", "{D427E31F-6394-411F-865A-39927E8B00B9}"
EndProject
Global
	GlobalSection(SolutionConfigurationPlatforms) = preSolution
		Debug|Any CPU = Debug|Any CPU
		Debug|x64 = Debug|x64
		Debug|x86 = Debug|x86
		Release|Any CPU = Release|Any CPU
		Release|x64 = Release|x64
		Release|x86 = Release|x86
	EndGlobalSection
	GlobalSection(ProjectConfigurationPlatforms) = postSolution
		{E987D614-5B0B-44B1-B5C4-5521AA47ACA2}.Debug|Any CPU.ActiveCfg = Debug|Any CPU
		{E987D614-5B0B-44B1-B5C4-5521AA47ACA2}.Debug|Any CPU.Build.0 = Debug|Any CPU
		{E987D614-5B0B-44B1-B5C4-5521AA47ACA2}.Debug|x64.ActiveCfg = Debug|Any CPU
		{E987D614-5B0B-44B1-B5C4-5521AA47ACA2}.Debug|x64.Build.0 = Debug|Any CPU
		{E987D614-5B0B-44B1-B5C4-5521AA47ACA2}.Debug|x86.ActiveCfg = Debug|Any CPU
		{E987D614-5B0B-44B1-B5C4-5521AA47ACA2}.Debug|x86.Build.0 = Debug|Any CPU
		{E987D614-5B0B-44B1-B5C4-5521AA47ACA2}.Release|Any CPU.ActiveCfg = Release|Any CPU
		{E987D614-5B0B-44B1-B5C4-5521AA47ACA2}.Release|Any CPU.Build.0 = Release|Any CPU
		{E987D614-5B0B-44B1-B5C4-5521AA47ACA2}.Release|x64.ActiveCfg = Release|Any CPU
		{E987D614-5B0B-44B1-B5C4-5521AA47ACA2}.Release|x64.Build.0 = Release|Any CPU
		{E987D614-5B0B-44B1-B5C4-5521AA47ACA2}.Release|x86.ActiveCfg = Release|Any CPU
		{E987D614-5B0B-44B1-B5C4-5521AA47ACA2}.Release|x86.Build.0 = Release|Any CPU
		{5E2403F5-D517-42F5-8227-7FBD33CACE53}.Debug|Any CPU.ActiveCfg = Debug|Any CPU
		{5E2403F5-D517-42F5-8227-7FBD33CACE53}.Debug|Any CPU.Build.0 = Debug|Any CPU
		{5E2403F5-D517-42F5-8227-7FBD33CACE53}.Debug|x64.ActiveCfg = Debug|Any CPU
		{5E2403F5-D517-42F5-8227-7FBD33CACE53}.Debug|x64.Build.0 = Debug|Any CPU
		{5E2403F5-D517-42F5-8227-7FBD33CACE53}.Debug|x86.ActiveCfg = Debug|Any CPU
		{5E2403F5-D517-42F5-8227-7FBD33CACE53}.Debug|x86.Build.0 = Debug|Any CPU
		{5E2403F5-D517-42F5-8227-7FBD33CACE53}.Release|Any CPU.ActiveCfg = Release|Any CPU
		{5E2403F5-D517-42F5-8227-7FBD33CACE53}.Release|Any CPU.Build.0 = Release|Any CPU
		{5E2403F5-D517-42F5-8227-7FBD33CACE53}.Release|x64.ActiveCfg = Release|Any CPU
		{5E2403F5-D517-42F5-8227-7FBD33CACE53}.Release|x64.Build.0 = Release|Any CPU
		{5E2403F5-D517-42F5-8227-7FBD33CACE53}.Release|x86.ActiveCfg = Release|Any CPU
		{5E2403F5-D517-42F5-8227-7FBD33CACE53}.Release|x86.Build.0 = Release|Any CPU
		{0994DF09-103A-4E8F-AE59-3238F9DAFE12}.Debug|Any CPU.ActiveCfg = Debug|Any CPU
		{0994DF09-103A-4E8F-AE59-3238F9DAFE12}.Debug|Any CPU.Build.0 = Debug|Any CPU
		{0994DF09-103A-4E8F-AE59-3238F9DAFE12}.Debug|x64.ActiveCfg = Debug|Any CPU
		{0994DF09-103A-4E8F-AE59-3238F9DAFE12}.Debug|x64.Build.0 = Debug|Any CPU
		{0994DF09-103A-4E8F-AE59-3238F9DAFE12}.Debug|x86.ActiveCfg = Debug|Any CPU
		{0994DF09-103A-4E8F-AE59-3238F9DAFE12}.Debug|x86.Build.0 = Debug|Any CPU
		{0994DF09-103A-4E8F-AE59-3238F9DAFE12}.Release|Any CPU.ActiveCfg = Release|Any CPU
		{0994DF09-103A-4E8F-AE59-3238F9DAFE12}.Release|Any CPU.Build.0 = Release|Any CPU
		{0994DF09-103A-4E8F-AE59-3238F9DAFE12}.Release|x64.ActiveCfg = Release|Any CPU
		{0994DF09-103A-4E8F-AE59-3238F9DAFE12}.Release|x64.Build.0 = Release|Any CPU
		{0994DF09-103A-4E8F-AE59-3238F9DAFE12}.Release|x86.ActiveCfg = Release|Any CPU
		{0994DF09-103A-4E8F-AE59-3238F9DAFE12}.Release|x86.Build.0 = Release|Any CPU
		{00EC5A4F-FBCA-438C-BCC6-42A0BDFB1985}.Debug|Any CPU.ActiveCfg = Debug|Any CPU
		{00EC5A4F-FBCA-438C-BCC6-42A0BDFB1985}.Debug|Any CPU.Build.0 = Debug|Any CPU
		{00EC5A4F-FBCA-438C-BCC6-42A0BDFB1985}.Debug|x64.ActiveCfg = Debug|Any CPU
		{00EC5A4F-FBCA-438C-BCC6-42A0BDFB1985}.Debug|x64.Build.0 = Debug|Any CPU
		{00EC5A4F-FBCA-438C-BCC6-42A0BDFB1985}.Debug|x86.ActiveCfg = Debug|Any CPU
		{00EC5A4F-FBCA-438C-BCC6-42A0BDFB1985}.Debug|x86.Build.0 = Debug|Any CPU
		{00EC5A4F-FBCA-438C-BCC6-42A0BDFB1985}.Release|Any CPU.ActiveCfg = Release|Any CPU
		{00EC5A4F-FBCA-438C-BCC6-42A0BDFB1985}.Release|Any CPU.Build.0 = Release|Any CPU
		{00EC5A4F-FBCA-438C-BCC6-42A0BDFB1985}.Release|x64.ActiveCfg = Release|Any CPU
		{00EC5A4F-FBCA-438C-BCC6-42A0BDFB1985}.Release|x64.Build.0 = Release|Any CPU
		{00EC5A4F-FBCA-438C-BCC6-42A0BDFB1985}.Release|x86.ActiveCfg = Release|Any CPU
		{00EC5A4F-FBCA-438C-BCC6-42A0BDFB1985}.Release|x86.Build.0 = Release|Any CPU
		{13BB99F0-A796-44B6-8C48-93F74A1ABDEB}.Debug|Any CPU.ActiveCfg = Debug|Any CPU
		{13BB99F0-A796-44B6-8C48-93F74A1ABDEB}.Debug|Any CPU.Build.0 = Debug|Any CPU
		{13BB99F0-A796-44B6-8C48-93F74A1ABDEB}.Debug|x64.ActiveCfg = Debug|Any CPU
		{13BB99F0-A796-44B6-8C48-93F74A1ABDEB}.Debug|x64.Build.0 = Debug|Any CPU
		{13BB99F0-A796-44B6-8C48-93F74A1ABDEB}.Debug|x86.ActiveCfg = Debug|Any CPU
		{13BB99F0-A796-44B6-8C48-93F74A1ABDEB}.Debug|x86.Build.0 = Debug|Any CPU
		{13BB99F0-A796-44B6-8C48-93F74A1ABDEB}.Release|Any CPU.ActiveCfg = Release|Any CPU
		{13BB99F0-A796-44B6-8C48-93F74A1ABDEB}.Release|Any CPU.Build.0 = Release|Any CPU
		{13BB99F0-A796-44B6-8C48-93F74A1ABDEB}.Release|x64.ActiveCfg = Release|Any CPU
		{13BB99F0-A796-44B6-8C48-93F74A1ABDEB}.Release|x64.Build.0 = Release|Any CPU
		{13BB99F0-A796-44B6-8C48-93F74A1ABDEB}.Release|x86.ActiveCfg = Release|Any CPU
		{13BB99F0-A796-44B6-8C48-93F74A1ABDEB}.Release|x86.Build.0 = Release|Any CPU
		{D1C8D81E-88AF-4ACD-9357-4E8AF3163422}.Debug|Any CPU.ActiveCfg = Debug|Any CPU
		{D1C8D81E-88AF-4ACD-9357-4E8AF3163422}.Debug|Any CPU.Build.0 = Debug|Any CPU
		{D1C8D81E-88AF-4ACD-9357-4E8AF3163422}.Debug|x64.ActiveCfg = Debug|Any CPU
		{D1C8D81E-88AF-4ACD-9357-4E8AF3163422}.Debug|x64.Build.0 = Debug|Any CPU
		{D1C8D81E-88AF-4ACD-9357-4E8AF3163422}.Debug|x86.ActiveCfg = Debug|Any CPU
		{D1C8D81E-88AF-4ACD-9357-4E8AF3163422}.Debug|x86.Build.0 = Debug|Any CPU
		{D1C8D81E-88AF-4ACD-9357-4E8AF3163422}.Release|Any CPU.ActiveCfg = Release|Any CPU
		{D1C8D81E-88AF-4ACD-9357-4E8AF3163422}.Release|Any CPU.Build.0 = Release|Any CPU
		{D1C8D81E-88AF-4ACD-9357-4E8AF3163422}.Release|x64.ActiveCfg = Release|Any CPU
		{D1C8D81E-88AF-4ACD-9357-4E8AF3163422}.Release|x64.Build.0 = Release|Any CPU
		{D1C8D81E-88AF-4ACD-9357-4E8AF3163422}.Release|x86.ActiveCfg = Release|Any CPU
		{D1C8D81E-88AF-4ACD-9357-4E8AF3163422}.Release|x86.Build.0 = Release|Any CPU
		{D427E31F-6394-411F-865A-39927E8B00B9}.Debug|Any CPU.ActiveCfg = Debug|Any CPU
		{D427E31F-6394-411F-865A-39927E8B00B9}.Debug|Any CPU.Build.0 = Debug|Any CPU
		{D427E31F-6394-411F-865A-39927E8B00B9}.Debug|x64.ActiveCfg = Debug|Any CPU
		{D427E31F-6394-411F-865A-39927E8B00B9}.Debug|x64.Build.0 = Debug|Any CPU
		{D427E31F-6394-411F-865A-39927E8B00B9}.Debug|x86.ActiveCfg = Debug|Any CPU
		{D427E31F-6394-411F-865A-39927E8B00B9}.Debug|x86.Build.0 = Debug|Any CPU
		{D427E31F-6394-411F-865A-39927E8B00B9}.Release|Any CPU.ActiveCfg = Release|Any CPU
		{D427E31F-6394-411F-865A-39927E8B00B9}.Release|Any CPU.Build.0 = Release|Any CPU
		{D427E31F-6394-411F-865A-39927E8B00B9}.Release|x64.ActiveCfg = Release|Any CPU
		{D427E31F-6394-411F-865A-39927E8B00B9}.Release|x64.Build.0 = Release|Any CPU
		{D427E31F-6394-411F-865A-39927E8B00B9}.Release|x86.ActiveCfg = Release|Any CPU
		{D427E31F-6394-411F-865A-39927E8B00B9}.Release|x86.Build.0 = Release|Any CPU
	EndGlobalSection
	GlobalSection(SolutionProperties) = preSolution
		HideSolutionNode = FALSE
	EndGlobalSection
	GlobalSection(NestedProjects) = preSolution
		{E987D614-5B0B-44B1-B5C4-5521AA47ACA2} = {827E0CD3-B72D-47B6-A68D-7590B98EB39B}
		{5E2403F5-D517-42F5-8227-7FBD33CACE53} = {827E0CD3-B72D-47B6-A68D-7590B98EB39B}
		{0994DF09-103A-4E8F-AE59-3238F9DAFE12} = {827E0CD3-B72D-47B6-A68D-7590B98EB39B}
		{00EC5A4F-FBCA-438C-BCC6-42A0BDFB1985} = {827E0CD3-B72D-47B6-A68D-7590B98EB39B}
		{13BB99F0-A796-44B6-8C48-93F74A1ABDEB} = {0AB3BF05-4346-4AA6-1389-037BE0695223}
		{D1C8D81E-88AF-4ACD-9357-4E8AF3163422} = {0AB3BF05-4346-4AA6-1389-037BE0695223}
		{D427E31F-6394-411F-865A-39927E8B00B9} = {0AB3BF05-4346-4AA6-1389-037BE0695223}
	EndGlobalSection
EndGlobal
